
Microsoft Visual Studio Solution File, Format Version 12.00
Project("{FAE04EC0-301F-11D3-BF4B-00C04F79EFBC}") = "SnakeMatrix", "SnakeMatrix\SnakeMatrix.csproj", "{4B218043-57A0-47F3-8A76-B3A295DB9ABB}"
EndProject
Project("{FAE04EC0-301F-11D3-BF4B-00C04F79EFBC}") = "NearlySimilarRectangles", "NearlySimilarRectangles\NearlySimilarRectangles.csproj", "{F50CC702-284F-4AA4-83AA-C7A0F9B6F7B2}"
EndProject
Project("{FAE04EC0-301F-11D3-BF4B-00C04F79EFBC}") = "Parallel Processing", "Parallel Processing\Parallel Processing.csproj", "{2AAEAF1A-0CB1-47F4-86F3-124B62F64A1F}"
EndProject
Project("{FAE04EC0-301F-11D3-BF4B-00C04F79EFBC}") = "Compare The Triplets", "Compare The Triplets\Compare The Triplets.csproj", "{80312039-9194-4752-A327-8E9243144588}"
EndProject
Project("{FAE04EC0-301F-11D3-BF4B-00C04F79EFBC}") = "Diagonal Difference", "Diagonal Difference\Diagonal Difference.csproj", "{1205709F-9A2A-4631-9CAB-25DF5EF2F645}"
EndProject
Project("{FAE04EC0-301F-11D3-BF4B-00C04F79EFBC}") = "PlusMinus", "PlusMinus\PlusMinus.csproj", "{B8D997A6-5768-4F9E-BAC1-659B1C958BDF}"
EndProject
Project("{FAE04EC0-301F-11D3-BF4B-00C04F79EFBC}") = "StarCase", "StarCase\StarCase.csproj", "{37C6EA25-D126-4B76-B53A-94F364F47823}"
EndProject
Project("{FAE04EC0-301F-11D3-BF4B-00C04F79EFBC}") = "Mini-Max Sum", "Mini-Max Sum\Mini-Max Sum.csproj", "{EF3AD196-DCA1-4073-8BE8-D02EBCE3F738}"
EndProject
Project("{FAE04EC0-301F-11D3-BF4B-00C04F79EFBC}") = "Stop gninnipS My sdroW", "Stop gninnipS My sdroW\Stop gninnipS My sdroW.csproj", "{6091B3FC-A51A-43B5-A891-FFDD721386CD}"
EndProject
Project("{FAE04EC0-301F-11D3-BF4B-00C04F79EFBC}") = "Credit Card Mask", "Credit Card Mask\Credit Card Mask.csproj", "{DD2F09B6-0172-4637-A167-B2504E634943}"
EndProject
Project("{FAE04EC0-301F-11D3-BF4B-00C04F79EFBC}") = "Binary Addition", "Binary Addition\Binary Addition.csproj", "{AFDBB1DD-0659-4D61-9EFC-26528F8C4445}"
EndProject
Project("{FAE04EC0-301F-11D3-BF4B-00C04F79EFBC}") = "Escape the knight", "Escape the knight\Escape the knight.csproj", "{21D40F48-F330-4749-AB78-8DC38E9D4967}"
EndProject
Project("{FAE04EC0-301F-11D3-BF4B-00C04F79EFBC}") = "Persistent Bugger.", "Persistent Bugger\Persistent Bugger..csproj", "{4092031F-9E21-43AC-BE13-5ECE66E1E929}"
EndProject
Project("{FAE04EC0-301F-11D3-BF4B-00C04F79EFBC}") = "Birthday Cake Candles", "Birthday Cake Candles\Birthday Cake Candles.csproj", "{86BD1D68-ED0F-46D6-9613-0889B2237B77}"
EndProject
Project("{FAE04EC0-301F-11D3-BF4B-00C04F79EFBC}") = "Time Conversion", "Time Conversion\Time Conversion.csproj", "{82EF89A8-CEEB-4A8E-8B13-19F6B067AA83}"
EndProject
Project("{FAE04EC0-301F-11D3-BF4B-00C04F79EFBC}") = "Travel around the world", "Travel around the world\Travel around the world.csproj", "{038DF379-41A8-45E5-86B1-0B4B485D3C27}"
EndProject
Project("{2150E333-8FDC-42A3-9474-1A3956D46DE8}") = "Leetcode", "Leetcode", "{EF091DE7-3709-4D68-BA7C-B71F7739B80D}"
EndProject
Project("{FAE04EC0-301F-11D3-BF4B-00C04F79EFBC}") = "Concatenation of Array", "Concatenation of Array\Concatenation of Array.csproj", "{C4684043-DC81-4330-B644-9A796FD618A1}"
EndProject
Project("{FAE04EC0-301F-11D3-BF4B-00C04F79EFBC}") = "Shuffle the Array", "Shuffle the Array\Shuffle the Array.csproj", "{B6825027-6226-4513-AE93-D732BD6C59D5}"
EndProject
Project("{FAE04EC0-301F-11D3-BF4B-00C04F79EFBC}") = "Max Consecutive Ones", "Max Consecutive Ones\Max Consecutive Ones.csproj", "{AEE69A80-35A7-414C-A390-2A22C972CB25}"
EndProject
Project("{FAE04EC0-301F-11D3-BF4B-00C04F79EFBC}") = "Set Mismatch", "Set Mismatch\Set Mismatch.csproj", "{963FD261-CA6A-45FF-872E-18E694A61CC3}"
EndProject
Project("{FAE04EC0-301F-11D3-BF4B-00C04F79EFBC}") = "How Many Numbers Are Smaller Than the Current Number", "How Many Numbers Are Smaller Than the Current Number\How Many Numbers Are Smaller Than the Current Number.csproj", "{C5415380-4EF0-472D-83A0-EF280CFE007C}"
EndProject
Project("{2150E333-8FDC-42A3-9474-1A3956D46DE8}") = "Array", "Array", "{AC250362-D3CE-4563-A6E5-D2F93CB8DB4B}"
EndProject
Project("{FAE04EC0-301F-11D3-BF4B-00C04F79EFBC}") = "Find all numbers disappeared in an array", "Find all numbers disappeared in an array\Find all numbers disappeared in an array.csproj", "{771A996B-8674-49B7-88C9-EDF2F292D6AD}"
EndProject
Project("{2150E333-8FDC-42A3-9474-1A3956D46DE8}") = "Stack", "Stack", "{C1774433-4907-4A1E-B1C8-44A4611321EE}"
EndProject
Project("{FAE04EC0-301F-11D3-BF4B-00C04F79EFBC}") = "Build an Array With Stack Operations", "Build an Array With Stack Operations\Build an Array With Stack Operations.csproj", "{2EFDFB22-C29A-40D8-B5FB-17F9BDB03955}"
EndProject
Project("{2150E333-8FDC-42A3-9474-1A3956D46DE8}") = "Data Structures and Algorithms", "Data Structures and Algorithms", "{440D74A8-67A4-4279-9BEE-DAAFBEA91091}"
EndProject
Project("{2150E333-8FDC-42A3-9474-1A3956D46DE8}") = "System and Software Design", "System and Software Design", "{E42B6610-1F3B-4AE9-AAD0-57ABF83DAA6F}"
EndProject
Project("{FAE04EC0-301F-11D3-BF4B-00C04F79EFBC}") = "LRUCache", "LRUCache\LRUCache.csproj", "{1107B976-6F8B-42CC-9DB8-AFE428647053}"
EndProject
Project("{FAE04EC0-301F-11D3-BF4B-00C04F79EFBC}") = "LFUCache", "LFUCache\LFUCache.csproj", "{DEA1EAC8-F67A-48C1-BCA6-34182C496259}"
EndProject
Project("{2150E333-8FDC-42A3-9474-1A3956D46DE8}") = "Company", "Company", "{880C7340-819B-4584-9811-E13938B97D43}"
EndProject
Project("{FAE04EC0-301F-11D3-BF4B-00C04F79EFBC}") = "IsOneBitCharacter", "IsOneBitCharacter\IsOneBitCharacter.csproj", "{999DFAF0-A0F8-4F61-9C48-D7A26222C257}"
EndProject
Project("{FAE04EC0-301F-11D3-BF4B-00C04F79EFBC}") = "KLargest", "KLargest\KLargest.csproj", "{F8CB745C-BCB6-4CAC-B803-B1177BEF6D19}"
EndProject
Project("{FAE04EC0-301F-11D3-BF4B-00C04F79EFBC}") = "IsPalindrome", "IsPalindrome\IsPalindrome.csproj", "{D7DD0E5F-2649-48FC-8B06-C8264F531CF9}"
EndProject
Project("{FAE04EC0-301F-11D3-BF4B-00C04F79EFBC}") = "AddString", "AddString\AddString.csproj", "{0A3F2BFD-D997-4C20-B1E5-9C81F0E646F8}"
EndProject
Project("{FAE04EC0-301F-11D3-BF4B-00C04F79EFBC}") = "WordPattern", "WordPattern\WordPattern.csproj", "{68014D42-21E3-418A-9334-4F36DAB596C3}"
EndProject
Project("{FAE04EC0-301F-11D3-BF4B-00C04F79EFBC}") = "UpdateMatrix", "UpdateMatrix\UpdateMatrix.csproj", "{53B0B94C-478F-444A-8F82-E09E30CBCE28}"
EndProject
Project("{FAE04EC0-301F-11D3-BF4B-00C04F79EFBC}") = "SearchIndex", "SearchIndex\SearchIndex.csproj", "{A2050797-FF20-41D8-A641-C6E81D33AD92}"
EndProject
Project("{FAE04EC0-301F-11D3-BF4B-00C04F79EFBC}") = "FindCircleNum", "FindCircleNum\FindCircleNum.csproj", "{A67C12A8-4B56-4CF1-AC25-69DA810BFB0E}"
EndProject
Project("{FAE04EC0-301F-11D3-BF4B-00C04F79EFBC}") = "CommonChars", "CommonChars\CommonChars.csproj", "{9D4420B9-D763-4CE0-B00B-D5A1FC93580A}"
EndProject
Project("{FAE04EC0-301F-11D3-BF4B-00C04F79EFBC}") = "Intersection of Two Arrays II", "Intersection of Two Arrays II\Intersection of Two Arrays II.csproj", "{B8382045-6D5B-45F6-9068-FFE616416C53}"
EndProject
Global
	GlobalSection(SolutionConfigurationPlatforms) = preSolution
		Debug|Any CPU = Debug|Any CPU
		Release|Any CPU = Release|Any CPU
	EndGlobalSection
	GlobalSection(ProjectConfigurationPlatforms) = postSolution
		{4B218043-57A0-47F3-8A76-B3A295DB9ABB}.Debug|Any CPU.ActiveCfg = Debug|Any CPU
		{4B218043-57A0-47F3-8A76-B3A295DB9ABB}.Debug|Any CPU.Build.0 = Debug|Any CPU
		{4B218043-57A0-47F3-8A76-B3A295DB9ABB}.Release|Any CPU.ActiveCfg = Release|Any CPU
		{4B218043-57A0-47F3-8A76-B3A295DB9ABB}.Release|Any CPU.Build.0 = Release|Any CPU
		{F50CC702-284F-4AA4-83AA-C7A0F9B6F7B2}.Debug|Any CPU.ActiveCfg = Debug|Any CPU
		{F50CC702-284F-4AA4-83AA-C7A0F9B6F7B2}.Debug|Any CPU.Build.0 = Debug|Any CPU
		{F50CC702-284F-4AA4-83AA-C7A0F9B6F7B2}.Release|Any CPU.ActiveCfg = Release|Any CPU
		{F50CC702-284F-4AA4-83AA-C7A0F9B6F7B2}.Release|Any CPU.Build.0 = Release|Any CPU
		{2AAEAF1A-0CB1-47F4-86F3-124B62F64A1F}.Debug|Any CPU.ActiveCfg = Debug|Any CPU
		{2AAEAF1A-0CB1-47F4-86F3-124B62F64A1F}.Debug|Any CPU.Build.0 = Debug|Any CPU
		{2AAEAF1A-0CB1-47F4-86F3-124B62F64A1F}.Release|Any CPU.ActiveCfg = Release|Any CPU
		{2AAEAF1A-0CB1-47F4-86F3-124B62F64A1F}.Release|Any CPU.Build.0 = Release|Any CPU
		{80312039-9194-4752-A327-8E9243144588}.Debug|Any CPU.ActiveCfg = Debug|Any CPU
		{80312039-9194-4752-A327-8E9243144588}.Debug|Any CPU.Build.0 = Debug|Any CPU
		{80312039-9194-4752-A327-8E9243144588}.Release|Any CPU.ActiveCfg = Release|Any CPU
		{80312039-9194-4752-A327-8E9243144588}.Release|Any CPU.Build.0 = Release|Any CPU
		{1205709F-9A2A-4631-9CAB-25DF5EF2F645}.Debug|Any CPU.ActiveCfg = Debug|Any CPU
		{1205709F-9A2A-4631-9CAB-25DF5EF2F645}.Debug|Any CPU.Build.0 = Debug|Any CPU
		{1205709F-9A2A-4631-9CAB-25DF5EF2F645}.Release|Any CPU.ActiveCfg = Release|Any CPU
		{1205709F-9A2A-4631-9CAB-25DF5EF2F645}.Release|Any CPU.Build.0 = Release|Any CPU
		{B8D997A6-5768-4F9E-BAC1-659B1C958BDF}.Debug|Any CPU.ActiveCfg = Debug|Any CPU
		{B8D997A6-5768-4F9E-BAC1-659B1C958BDF}.Debug|Any CPU.Build.0 = Debug|Any CPU
		{B8D997A6-5768-4F9E-BAC1-659B1C958BDF}.Release|Any CPU.ActiveCfg = Release|Any CPU
		{B8D997A6-5768-4F9E-BAC1-659B1C958BDF}.Release|Any CPU.Build.0 = Release|Any CPU
		{37C6EA25-D126-4B76-B53A-94F364F47823}.Debug|Any CPU.ActiveCfg = Debug|Any CPU
		{37C6EA25-D126-4B76-B53A-94F364F47823}.Debug|Any CPU.Build.0 = Debug|Any CPU
		{37C6EA25-D126-4B76-B53A-94F364F47823}.Release|Any CPU.ActiveCfg = Release|Any CPU
		{37C6EA25-D126-4B76-B53A-94F364F47823}.Release|Any CPU.Build.0 = Release|Any CPU
		{EF3AD196-DCA1-4073-8BE8-D02EBCE3F738}.Debug|Any CPU.ActiveCfg = Debug|Any CPU
		{EF3AD196-DCA1-4073-8BE8-D02EBCE3F738}.Debug|Any CPU.Build.0 = Debug|Any CPU
		{EF3AD196-DCA1-4073-8BE8-D02EBCE3F738}.Release|Any CPU.ActiveCfg = Release|Any CPU
		{EF3AD196-DCA1-4073-8BE8-D02EBCE3F738}.Release|Any CPU.Build.0 = Release|Any CPU
		{6091B3FC-A51A-43B5-A891-FFDD721386CD}.Debug|Any CPU.ActiveCfg = Debug|Any CPU
		{6091B3FC-A51A-43B5-A891-FFDD721386CD}.Debug|Any CPU.Build.0 = Debug|Any CPU
		{6091B3FC-A51A-43B5-A891-FFDD721386CD}.Release|Any CPU.ActiveCfg = Release|Any CPU
		{6091B3FC-A51A-43B5-A891-FFDD721386CD}.Release|Any CPU.Build.0 = Release|Any CPU
		{DD2F09B6-0172-4637-A167-B2504E634943}.Debug|Any CPU.ActiveCfg = Debug|Any CPU
		{DD2F09B6-0172-4637-A167-B2504E634943}.Debug|Any CPU.Build.0 = Debug|Any CPU
		{DD2F09B6-0172-4637-A167-B2504E634943}.Release|Any CPU.ActiveCfg = Release|Any CPU
		{DD2F09B6-0172-4637-A167-B2504E634943}.Release|Any CPU.Build.0 = Release|Any CPU
		{AFDBB1DD-0659-4D61-9EFC-26528F8C4445}.Debug|Any CPU.ActiveCfg = Debug|Any CPU
		{AFDBB1DD-0659-4D61-9EFC-26528F8C4445}.Debug|Any CPU.Build.0 = Debug|Any CPU
		{AFDBB1DD-0659-4D61-9EFC-26528F8C4445}.Release|Any CPU.ActiveCfg = Release|Any CPU
		{AFDBB1DD-0659-4D61-9EFC-26528F8C4445}.Release|Any CPU.Build.0 = Release|Any CPU
		{21D40F48-F330-4749-AB78-8DC38E9D4967}.Debug|Any CPU.ActiveCfg = Debug|Any CPU
		{21D40F48-F330-4749-AB78-8DC38E9D4967}.Debug|Any CPU.Build.0 = Debug|Any CPU
		{21D40F48-F330-4749-AB78-8DC38E9D4967}.Release|Any CPU.ActiveCfg = Release|Any CPU
		{21D40F48-F330-4749-AB78-8DC38E9D4967}.Release|Any CPU.Build.0 = Release|Any CPU
		{4092031F-9E21-43AC-BE13-5ECE66E1E929}.Debug|Any CPU.ActiveCfg = Debug|Any CPU
		{4092031F-9E21-43AC-BE13-5ECE66E1E929}.Debug|Any CPU.Build.0 = Debug|Any CPU
		{4092031F-9E21-43AC-BE13-5ECE66E1E929}.Release|Any CPU.ActiveCfg = Release|Any CPU
		{4092031F-9E21-43AC-BE13-5ECE66E1E929}.Release|Any CPU.Build.0 = Release|Any CPU
		{86BD1D68-ED0F-46D6-9613-0889B2237B77}.Debug|Any CPU.ActiveCfg = Debug|Any CPU
		{86BD1D68-ED0F-46D6-9613-0889B2237B77}.Debug|Any CPU.Build.0 = Debug|Any CPU
		{86BD1D68-ED0F-46D6-9613-0889B2237B77}.Release|Any CPU.ActiveCfg = Release|Any CPU
		{86BD1D68-ED0F-46D6-9613-0889B2237B77}.Release|Any CPU.Build.0 = Release|Any CPU
		{82EF89A8-CEEB-4A8E-8B13-19F6B067AA83}.Debug|Any CPU.ActiveCfg = Debug|Any CPU
		{82EF89A8-CEEB-4A8E-8B13-19F6B067AA83}.Debug|Any CPU.Build.0 = Debug|Any CPU
		{82EF89A8-CEEB-4A8E-8B13-19F6B067AA83}.Release|Any CPU.ActiveCfg = Release|Any CPU
		{82EF89A8-CEEB-4A8E-8B13-19F6B067AA83}.Release|Any CPU.Build.0 = Release|Any CPU
		{038DF379-41A8-45E5-86B1-0B4B485D3C27}.Debug|Any CPU.ActiveCfg = Debug|Any CPU
		{038DF379-41A8-45E5-86B1-0B4B485D3C27}.Debug|Any CPU.Build.0 = Debug|Any CPU
		{038DF379-41A8-45E5-86B1-0B4B485D3C27}.Release|Any CPU.ActiveCfg = Release|Any CPU
		{038DF379-41A8-45E5-86B1-0B4B485D3C27}.Release|Any CPU.Build.0 = Release|Any CPU
		{C4684043-DC81-4330-B644-9A796FD618A1}.Debug|Any CPU.ActiveCfg = Debug|Any CPU
		{C4684043-DC81-4330-B644-9A796FD618A1}.Debug|Any CPU.Build.0 = Debug|Any CPU
		{C4684043-DC81-4330-B644-9A796FD618A1}.Release|Any CPU.ActiveCfg = Release|Any CPU
		{C4684043-DC81-4330-B644-9A796FD618A1}.Release|Any CPU.Build.0 = Release|Any CPU
		{B6825027-6226-4513-AE93-D732BD6C59D5}.Debug|Any CPU.ActiveCfg = Debug|Any CPU
		{B6825027-6226-4513-AE93-D732BD6C59D5}.Debug|Any CPU.Build.0 = Debug|Any CPU
		{B6825027-6226-4513-AE93-D732BD6C59D5}.Release|Any CPU.ActiveCfg = Release|Any CPU
		{B6825027-6226-4513-AE93-D732BD6C59D5}.Release|Any CPU.Build.0 = Release|Any CPU
		{AEE69A80-35A7-414C-A390-2A22C972CB25}.Debug|Any CPU.ActiveCfg = Debug|Any CPU
		{AEE69A80-35A7-414C-A390-2A22C972CB25}.Debug|Any CPU.Build.0 = Debug|Any CPU
		{AEE69A80-35A7-414C-A390-2A22C972CB25}.Release|Any CPU.ActiveCfg = Release|Any CPU
		{AEE69A80-35A7-414C-A390-2A22C972CB25}.Release|Any CPU.Build.0 = Release|Any CPU
		{963FD261-CA6A-45FF-872E-18E694A61CC3}.Debug|Any CPU.ActiveCfg = Debug|Any CPU
		{963FD261-CA6A-45FF-872E-18E694A61CC3}.Debug|Any CPU.Build.0 = Debug|Any CPU
		{963FD261-CA6A-45FF-872E-18E694A61CC3}.Release|Any CPU.ActiveCfg = Release|Any CPU
		{963FD261-CA6A-45FF-872E-18E694A61CC3}.Release|Any CPU.Build.0 = Release|Any CPU
		{C5415380-4EF0-472D-83A0-EF280CFE007C}.Debug|Any CPU.ActiveCfg = Debug|Any CPU
		{C5415380-4EF0-472D-83A0-EF280CFE007C}.Debug|Any CPU.Build.0 = Debug|Any CPU
		{C5415380-4EF0-472D-83A0-EF280CFE007C}.Release|Any CPU.ActiveCfg = Release|Any CPU
		{C5415380-4EF0-472D-83A0-EF280CFE007C}.Release|Any CPU.Build.0 = Release|Any CPU
		{771A996B-8674-49B7-88C9-EDF2F292D6AD}.Debug|Any CPU.ActiveCfg = Debug|Any CPU
		{771A996B-8674-49B7-88C9-EDF2F292D6AD}.Debug|Any CPU.Build.0 = Debug|Any CPU
		{771A996B-8674-49B7-88C9-EDF2F292D6AD}.Release|Any CPU.ActiveCfg = Release|Any CPU
		{771A996B-8674-49B7-88C9-EDF2F292D6AD}.Release|Any CPU.Build.0 = Release|Any CPU
		{2EFDFB22-C29A-40D8-B5FB-17F9BDB03955}.Debug|Any CPU.ActiveCfg = Debug|Any CPU
		{2EFDFB22-C29A-40D8-B5FB-17F9BDB03955}.Debug|Any CPU.Build.0 = Debug|Any CPU
		{2EFDFB22-C29A-40D8-B5FB-17F9BDB03955}.Release|Any CPU.ActiveCfg = Release|Any CPU
		{2EFDFB22-C29A-40D8-B5FB-17F9BDB03955}.Release|Any CPU.Build.0 = Release|Any CPU
		{1107B976-6F8B-42CC-9DB8-AFE428647053}.Debug|Any CPU.ActiveCfg = Debug|Any CPU
		{1107B976-6F8B-42CC-9DB8-AFE428647053}.Debug|Any CPU.Build.0 = Debug|Any CPU
		{1107B976-6F8B-42CC-9DB8-AFE428647053}.Release|Any CPU.ActiveCfg = Release|Any CPU
		{1107B976-6F8B-42CC-9DB8-AFE428647053}.Release|Any CPU.Build.0 = Release|Any CPU
		{DEA1EAC8-F67A-48C1-BCA6-34182C496259}.Debug|Any CPU.ActiveCfg = Debug|Any CPU
		{DEA1EAC8-F67A-48C1-BCA6-34182C496259}.Debug|Any CPU.Build.0 = Debug|Any CPU
		{DEA1EAC8-F67A-48C1-BCA6-34182C496259}.Release|Any CPU.ActiveCfg = Release|Any CPU
		{DEA1EAC8-F67A-48C1-BCA6-34182C496259}.Release|Any CPU.Build.0 = Release|Any CPU
		{999DFAF0-A0F8-4F61-9C48-D7A26222C257}.Debug|Any CPU.ActiveCfg = Debug|Any CPU
		{999DFAF0-A0F8-4F61-9C48-D7A26222C257}.Debug|Any CPU.Build.0 = Debug|Any CPU
		{999DFAF0-A0F8-4F61-9C48-D7A26222C257}.Release|Any CPU.ActiveCfg = Release|Any CPU
		{999DFAF0-A0F8-4F61-9C48-D7A26222C257}.Release|Any CPU.Build.0 = Release|Any CPU
		{F8CB745C-BCB6-4CAC-B803-B1177BEF6D19}.Debug|Any CPU.ActiveCfg = Debug|Any CPU
		{F8CB745C-BCB6-4CAC-B803-B1177BEF6D19}.Debug|Any CPU.Build.0 = Debug|Any CPU
		{F8CB745C-BCB6-4CAC-B803-B1177BEF6D19}.Release|Any CPU.ActiveCfg = Release|Any CPU
		{F8CB745C-BCB6-4CAC-B803-B1177BEF6D19}.Release|Any CPU.Build.0 = Release|Any CPU
		{D7DD0E5F-2649-48FC-8B06-C8264F531CF9}.Debug|Any CPU.ActiveCfg = Debug|Any CPU
		{D7DD0E5F-2649-48FC-8B06-C8264F531CF9}.Debug|Any CPU.Build.0 = Debug|Any CPU
		{D7DD0E5F-2649-48FC-8B06-C8264F531CF9}.Release|Any CPU.ActiveCfg = Release|Any CPU
		{D7DD0E5F-2649-48FC-8B06-C8264F531CF9}.Release|Any CPU.Build.0 = Release|Any CPU
		{0A3F2BFD-D997-4C20-B1E5-9C81F0E646F8}.Debug|Any CPU.ActiveCfg = Debug|Any CPU
		{0A3F2BFD-D997-4C20-B1E5-9C81F0E646F8}.Debug|Any CPU.Build.0 = Debug|Any CPU
		{0A3F2BFD-D997-4C20-B1E5-9C81F0E646F8}.Release|Any CPU.ActiveCfg = Release|Any CPU
		{0A3F2BFD-D997-4C20-B1E5-9C81F0E646F8}.Release|Any CPU.Build.0 = Release|Any CPU
		{68014D42-21E3-418A-9334-4F36DAB596C3}.Debug|Any CPU.ActiveCfg = Debug|Any CPU
		{68014D42-21E3-418A-9334-4F36DAB596C3}.Debug|Any CPU.Build.0 = Debug|Any CPU
		{68014D42-21E3-418A-9334-4F36DAB596C3}.Release|Any CPU.ActiveCfg = Release|Any CPU
		{68014D42-21E3-418A-9334-4F36DAB596C3}.Release|Any CPU.Build.0 = Release|Any CPU
		{53B0B94C-478F-444A-8F82-E09E30CBCE28}.Debug|Any CPU.ActiveCfg = Debug|Any CPU
		{53B0B94C-478F-444A-8F82-E09E30CBCE28}.Debug|Any CPU.Build.0 = Debug|Any CPU
		{53B0B94C-478F-444A-8F82-E09E30CBCE28}.Release|Any CPU.ActiveCfg = Release|Any CPU
		{53B0B94C-478F-444A-8F82-E09E30CBCE28}.Release|Any CPU.Build.0 = Release|Any CPU
		{A2050797-FF20-41D8-A641-C6E81D33AD92}.Debug|Any CPU.ActiveCfg = Debug|Any CPU
		{A2050797-FF20-41D8-A641-C6E81D33AD92}.Debug|Any CPU.Build.0 = Debug|Any CPU
		{A2050797-FF20-41D8-A641-C6E81D33AD92}.Release|Any CPU.ActiveCfg = Release|Any CPU
		{A2050797-FF20-41D8-A641-C6E81D33AD92}.Release|Any CPU.Build.0 = Release|Any CPU
		{A67C12A8-4B56-4CF1-AC25-69DA810BFB0E}.Debug|Any CPU.ActiveCfg = Debug|Any CPU
		{A67C12A8-4B56-4CF1-AC25-69DA810BFB0E}.Debug|Any CPU.Build.0 = Debug|Any CPU
		{A67C12A8-4B56-4CF1-AC25-69DA810BFB0E}.Release|Any CPU.ActiveCfg = Release|Any CPU
		{A67C12A8-4B56-4CF1-AC25-69DA810BFB0E}.Release|Any CPU.Build.0 = Release|Any CPU
		{9D4420B9-D763-4CE0-B00B-D5A1FC93580A}.Debug|Any CPU.ActiveCfg = Debug|Any CPU
		{9D4420B9-D763-4CE0-B00B-D5A1FC93580A}.Debug|Any CPU.Build.0 = Debug|Any CPU
		{9D4420B9-D763-4CE0-B00B-D5A1FC93580A}.Release|Any CPU.ActiveCfg = Release|Any CPU
		{9D4420B9-D763-4CE0-B00B-D5A1FC93580A}.Release|Any CPU.Build.0 = Release|Any CPU
		{B8382045-6D5B-45F6-9068-FFE616416C53}.Debug|Any CPU.ActiveCfg = Debug|Any CPU
		{B8382045-6D5B-45F6-9068-FFE616416C53}.Debug|Any CPU.Build.0 = Debug|Any CPU
		{B8382045-6D5B-45F6-9068-FFE616416C53}.Release|Any CPU.ActiveCfg = Release|Any CPU
		{B8382045-6D5B-45F6-9068-FFE616416C53}.Release|Any CPU.Build.0 = Release|Any CPU
	EndGlobalSection
	GlobalSection(NestedProjects) = preSolution
		{C4684043-DC81-4330-B644-9A796FD618A1} = {AC250362-D3CE-4563-A6E5-D2F93CB8DB4B}
		{C5415380-4EF0-472D-83A0-EF280CFE007C} = {AC250362-D3CE-4563-A6E5-D2F93CB8DB4B}
		{AEE69A80-35A7-414C-A390-2A22C972CB25} = {AC250362-D3CE-4563-A6E5-D2F93CB8DB4B}
		{963FD261-CA6A-45FF-872E-18E694A61CC3} = {AC250362-D3CE-4563-A6E5-D2F93CB8DB4B}
		{B6825027-6226-4513-AE93-D732BD6C59D5} = {AC250362-D3CE-4563-A6E5-D2F93CB8DB4B}
		{771A996B-8674-49B7-88C9-EDF2F292D6AD} = {AC250362-D3CE-4563-A6E5-D2F93CB8DB4B}
		{2EFDFB22-C29A-40D8-B5FB-17F9BDB03955} = {C1774433-4907-4A1E-B1C8-44A4611321EE}
		{440D74A8-67A4-4279-9BEE-DAAFBEA91091} = {EF091DE7-3709-4D68-BA7C-B71F7739B80D}
		{C1774433-4907-4A1E-B1C8-44A4611321EE} = {440D74A8-67A4-4279-9BEE-DAAFBEA91091}
		{AC250362-D3CE-4563-A6E5-D2F93CB8DB4B} = {440D74A8-67A4-4279-9BEE-DAAFBEA91091}
		{E42B6610-1F3B-4AE9-AAD0-57ABF83DAA6F} = {EF091DE7-3709-4D68-BA7C-B71F7739B80D}
		{1107B976-6F8B-42CC-9DB8-AFE428647053} = {E42B6610-1F3B-4AE9-AAD0-57ABF83DAA6F}
		{DEA1EAC8-F67A-48C1-BCA6-34182C496259} = {E42B6610-1F3B-4AE9-AAD0-57ABF83DAA6F}
		{880C7340-819B-4584-9811-E13938B97D43} = {EF091DE7-3709-4D68-BA7C-B71F7739B80D}
		{999DFAF0-A0F8-4F61-9C48-D7A26222C257} = {880C7340-819B-4584-9811-E13938B97D43}
		{F8CB745C-BCB6-4CAC-B803-B1177BEF6D19} = {880C7340-819B-4584-9811-E13938B97D43}
		{D7DD0E5F-2649-48FC-8B06-C8264F531CF9} = {880C7340-819B-4584-9811-E13938B97D43}
		{0A3F2BFD-D997-4C20-B1E5-9C81F0E646F8} = {880C7340-819B-4584-9811-E13938B97D43}
		{68014D42-21E3-418A-9334-4F36DAB596C3} = {880C7340-819B-4584-9811-E13938B97D43}
		{53B0B94C-478F-444A-8F82-E09E30CBCE28} = {880C7340-819B-4584-9811-E13938B97D43}
		{A2050797-FF20-41D8-A641-C6E81D33AD92} = {880C7340-819B-4584-9811-E13938B97D43}
		{A67C12A8-4B56-4CF1-AC25-69DA810BFB0E} = {880C7340-819B-4584-9811-E13938B97D43}
		{9D4420B9-D763-4CE0-B00B-D5A1FC93580A} = {880C7340-819B-4584-9811-E13938B97D43}
		{B8382045-6D5B-45F6-9068-FFE616416C53} = {880C7340-819B-4584-9811-E13938B97D43}
	EndGlobalSection
EndGlobal
